{
	"name": "reactnativestartkit",
	"version": "0.0.1",
	"lockfileVersion": 1,
	"dependencies": {
		"react-native-camera": {
			"version": "0.6.0",
			"resolved": "https://registry.npmjs.org/react-native-camera/-/react-native-camera-0.6.0.tgz",
			"integrity": "sha1-3Sdgt4V9Zgdhx48tpXW0lP3I3LU="
		}
	}
}
